
Microsoft Visual Studio Solution File, Format Version 12.00
# Visual Studio Version 17
Project("{8BC9CEB8-8B4A-11D0-8D11-00A0C91BC942}") = "ALL_BUILD", "ALL_BUILD.vcxproj", "{A3190074-3817-3D0A-BC37-2573D8AD578B}"
	ProjectSection(ProjectDependencies) = postProject
		{1366E932-4873-3876-B4ED-7EE2BFC483EB} = {1366E932-4873-3876-B4ED-7EE2BFC483EB}
		{973D662C-E822-38DE-ACDB-70F69F550635} = {973D662C-E822-38DE-ACDB-70F69F550635}
	EndProjectSection
EndProject
Project("{8BC9CEB8-8B4A-11D0-8D11-00A0C91BC942}") = "INSTALL", "INSTALL.vcxproj", "{7B20D210-C260-30E7-87A9-8609F8071A5A}"
	ProjectSection(ProjectDependencies) = postProject
		{A3190074-3817-3D0A-BC37-2573D8AD578B} = {A3190074-3817-3D0A-BC37-2573D8AD578B}
		{973D662C-E822-38DE-ACDB-70F69F550635} = {973D662C-E822-38DE-ACDB-70F69F550635}
	EndProjectSection
EndProject
Project("{8BC9CEB8-8B4A-11D0-8D11-00A0C91BC942}") = "ReleaseInstaller", "ReleaseInstaller.vcxproj", "{1366E932-4873-3876-B4ED-7EE2BFC483EB}"
	ProjectSection(ProjectDependencies) = postProject
		{973D662C-E822-38DE-ACDB-70F69F550635} = {973D662C-E822-38DE-ACDB-70F69F550635}
	EndProjectSection
EndProject
Project("{8BC9CEB8-8B4A-11D0-8D11-00A0C91BC942}") = "ZERO_CHECK", "..\..\\ZERO_CHECK.vcxproj", "{973D662C-E822-38DE-ACDB-70F69F550635}"
	ProjectSection(ProjectDependencies) = postProject
	EndProjectSection
EndProject
Global
	GlobalSection(SolutionConfigurationPlatforms) = preSolution
		Debug|x64 = Debug|x64
		Release|x64 = Release|x64
		MinSizeRel|x64 = MinSizeRel|x64
		RelWithDebInfo|x64 = RelWithDebInfo|x64
	EndGlobalSection
	GlobalSection(ProjectConfigurationPlatforms) = postSolution
		{A3190074-3817-3D0A-BC37-2573D8AD578B}.Debug|x64.ActiveCfg = Debug|x64
		{A3190074-3817-3D0A-BC37-2573D8AD578B}.Debug|x64.Build.0 = Debug|x64
		{A3190074-3817-3D0A-BC37-2573D8AD578B}.Release|x64.ActiveCfg = Release|x64
		{A3190074-3817-3D0A-BC37-2573D8AD578B}.Release|x64.Build.0 = Release|x64
		{A3190074-3817-3D0A-BC37-2573D8AD578B}.MinSizeRel|x64.ActiveCfg = MinSizeRel|x64
		{A3190074-3817-3D0A-BC37-2573D8AD578B}.MinSizeRel|x64.Build.0 = MinSizeRel|x64
		{A3190074-3817-3D0A-BC37-2573D8AD578B}.RelWithDebInfo|x64.ActiveCfg = RelWithDebInfo|x64
		{A3190074-3817-3D0A-BC37-2573D8AD578B}.RelWithDebInfo|x64.Build.0 = RelWithDebInfo|x64
		{7B20D210-C260-30E7-87A9-8609F8071A5A}.Debug|x64.ActiveCfg = Debug|x64
		{7B20D210-C260-30E7-87A9-8609F8071A5A}.Release|x64.ActiveCfg = Release|x64
		{7B20D210-C260-30E7-87A9-8609F8071A5A}.MinSizeRel|x64.ActiveCfg = MinSizeRel|x64
		{7B20D210-C260-30E7-87A9-8609F8071A5A}.RelWithDebInfo|x64.ActiveCfg = RelWithDebInfo|x64
		{1366E932-4873-3876-B4ED-7EE2BFC483EB}.Debug|x64.ActiveCfg = Debug|x64
		{1366E932-4873-3876-B4ED-7EE2BFC483EB}.Debug|x64.Build.0 = Debug|x64
		{1366E932-4873-3876-B4ED-7EE2BFC483EB}.Release|x64.ActiveCfg = Release|x64
		{1366E932-4873-3876-B4ED-7EE2BFC483EB}.Release|x64.Build.0 = Release|x64
		{1366E932-4873-3876-B4ED-7EE2BFC483EB}.MinSizeRel|x64.ActiveCfg = MinSizeRel|x64
		{1366E932-4873-3876-B4ED-7EE2BFC483EB}.MinSizeRel|x64.Build.0 = MinSizeRel|x64
		{1366E932-4873-3876-B4ED-7EE2BFC483EB}.RelWithDebInfo|x64.ActiveCfg = RelWithDebInfo|x64
		{1366E932-4873-3876-B4ED-7EE2BFC483EB}.RelWithDebInfo|x64.Build.0 = RelWithDebInfo|x64
		{973D662C-E822-38DE-ACDB-70F69F550635}.Debug|x64.ActiveCfg = Debug|x64
		{973D662C-E822-38DE-ACDB-70F69F550635}.Debug|x64.Build.0 = Debug|x64
		{973D662C-E822-38DE-ACDB-70F69F550635}.Release|x64.ActiveCfg = Release|x64
		{973D662C-E822-38DE-ACDB-70F69F550635}.Release|x64.Build.0 = Release|x64
		{973D662C-E822-38DE-ACDB-70F69F550635}.MinSizeRel|x64.ActiveCfg = MinSizeRel|x64
		{973D662C-E822-38DE-ACDB-70F69F550635}.MinSizeRel|x64.Build.0 = MinSizeRel|x64
		{973D662C-E822-38DE-ACDB-70F69F550635}.RelWithDebInfo|x64.ActiveCfg = RelWithDebInfo|x64
		{973D662C-E822-38DE-ACDB-70F69F550635}.RelWithDebInfo|x64.Build.0 = RelWithDebInfo|x64
	EndGlobalSection
	GlobalSection(ExtensibilityGlobals) = postSolution
		SolutionGuid = {24A5AA67-0765-3DBE-85B7-BB852E2C5A9D}
	EndGlobalSection
	GlobalSection(ExtensibilityAddIns) = postSolution
	EndGlobalSection
EndGlobal
