<?xml version="1.0" encoding="utf-8"?>
<Project ToolsVersion="17.0" xmlns="http://schemas.microsoft.com/developer/msbuild/2003">
  <ItemGroup>
    <ClCompile Include="D:\project\training\Qt\Q1ORM\build-release\Examples\SoloExample\SoloExample_autogen\mocs_compilation_Debug.cpp">
      <Filter>Source Files</Filter>
    </ClCompile>
    <ClCompile Include="D:\project\training\Qt\Q1ORM\Examples\SoloExample\main.cpp">
      <Filter>Source Files</Filter>
    </ClCompile>
    <ClCompile Include="D:\project\training\Qt\Q1ORM\Examples\SoloExample\applicationdbcontext.cpp">
      <Filter>Source Files</Filter>
    </ClCompile>
    <ClCompile Include="D:\project\training\Qt\Q1ORM\build-release\Examples\SoloExample\SoloExample_autogen\mocs_compilation_Release.cpp">
      <Filter>Source Files</Filter>
    </ClCompile>
    <ClCompile Include="D:\project\training\Qt\Q1ORM\build-release\Examples\SoloExample\SoloExample_autogen\mocs_compilation_MinSizeRel.cpp">
      <Filter>Source Files</Filter>
    </ClCompile>
    <ClCompile Include="D:\project\training\Qt\Q1ORM\build-release\Examples\SoloExample\SoloExample_autogen\mocs_compilation_RelWithDebInfo.cpp">
      <Filter>Source Files</Filter>
    </ClCompile>
  </ItemGroup>
  <ItemGroup>
    <ClInclude Include="D:\project\training\Qt\Q1ORM\Examples\SoloExample\applicationdbcontext.h">
      <Filter>Header Files</Filter>
    </ClInclude>
    <ClInclude Include="D:\project\training\Qt\Q1ORM\Examples\SoloExample\Models\City.h">
      <Filter>Header Files</Filter>
    </ClInclude>
    <ClInclude Include="D:\project\training\Qt\Q1ORM\Examples\SoloExample\Mapping\CityMap.h">
      <Filter>Header Files</Filter>
    </ClInclude>
    <ClInclude Include="D:\project\training\Qt\Q1ORM\Examples\SoloExample\Models\Country.h">
      <Filter>Header Files</Filter>
    </ClInclude>
    <ClInclude Include="D:\project\training\Qt\Q1ORM\Examples\SoloExample\Mapping\CountryMap.h">
      <Filter>Header Files</Filter>
    </ClInclude>
    <ClInclude Include="D:\project\training\Qt\Q1ORM\Examples\SoloExample\Repository\IRepository.h">
      <Filter>Header Files</Filter>
    </ClInclude>
    <ClInclude Include="D:\project\training\Qt\Q1ORM\Examples\SoloExample\Repository\Repository.h">
      <Filter>Header Files</Filter>
    </ClInclude>
    <ClInclude Include="D:\project\training\Qt\Q1ORM\Examples\SoloExample\Services\InsertService.h">
      <Filter>Header Files</Filter>
    </ClInclude>
  </ItemGroup>
  <ItemGroup>
    <CustomBuild Include="D:\project\training\Qt\Q1ORM\Examples\SoloExample\CMakeLists.txt" />
  </ItemGroup>
  <ItemGroup>
    <Filter Include="Header Files">
      <UniqueIdentifier>{76FDA934-80AB-391C-BE10-AF8A3A2EB6F4}</UniqueIdentifier>
    </Filter>
    <Filter Include="Source Files">
      <UniqueIdentifier>{27047FB9-21B0-3B68-BDDD-9BDBE1EF60DA}</UniqueIdentifier>
    </Filter>
  </ItemGroup>
</Project>
