<?xml version="1.0" encoding="utf-8"?>
<Project ToolsVersion="17.0" xmlns="http://schemas.microsoft.com/developer/msbuild/2003">
  <ItemGroup>
    <ClCompile Include="D:\project\training\Qt\Q1ORM\build-release\Src\Src_autogen\mocs_compilation_Debug.cpp">
      <Filter>Source Files</Filter>
    </ClCompile>
    <ClCompile Include="D:\project\training\Qt\Q1ORM\src\Q1ORM.cpp">
      <Filter>Source Files</Filter>
    </ClCompile>
    <ClCompile Include="D:\project\training\Qt\Q1ORM\src\Q1DatabaseInstall\Q1DatabaseInstall.cpp">
      <Filter>Source Files</Filter>
    </ClCompile>
    <ClCompile Include="D:\project\training\Qt\Q1ORM\src\Q1Core\Q1Context\Q1Context.cpp">
      <Filter>Source Files</Filter>
    </ClCompile>
    <ClCompile Include="D:\project\training\Qt\Q1ORM\src\Q1Core\Q1Entity\Q1Entity.cpp">
      <Filter>Source Files</Filter>
    </ClCompile>
    <ClCompile Include="D:\project\training\Qt\Q1ORM\src\Q1Core\Q1Migration\Q1MigrationQuery.cpp">
      <Filter>Source Files</Filter>
    </ClCompile>
    <ClCompile Include="D:\project\training\Qt\Q1ORM\src\Q1Core\Q1Migration\Q1Migration.cpp">
      <Filter>Source Files</Filter>
    </ClCompile>
    <ClCompile Include="D:\project\training\Qt\Q1ORM\src\Q1Core\Q1Migration\Q1PgMigrationQuery.cpp">
      <Filter>Source Files</Filter>
    </ClCompile>
    <ClCompile Include="D:\project\training\Qt\Q1ORM\src\Q1Core\Q1Migration\Q1SQLServerMigrationQuery.cpp">
      <Filter>Source Files</Filter>
    </ClCompile>
    <ClCompile Include="D:\project\training\Qt\Q1ORM\src\Q1Core\Q1Entity\Q1Column.cpp">
      <Filter>Source Files</Filter>
    </ClCompile>
    <ClCompile Include="D:\project\training\Qt\Q1ORM\build-release\Src\Src_autogen\mocs_compilation_Release.cpp">
      <Filter>Source Files</Filter>
    </ClCompile>
    <ClCompile Include="D:\project\training\Qt\Q1ORM\build-release\Src\Src_autogen\mocs_compilation_MinSizeRel.cpp">
      <Filter>Source Files</Filter>
    </ClCompile>
    <ClCompile Include="D:\project\training\Qt\Q1ORM\build-release\Src\Src_autogen\mocs_compilation_RelWithDebInfo.cpp">
      <Filter>Source Files</Filter>
    </ClCompile>
  </ItemGroup>
  <ItemGroup>
    <ClInclude Include="D:\project\training\Qt\Q1ORM\src\Q1ORM_global.h">
      <Filter>Header Files</Filter>
    </ClInclude>
    <ClInclude Include="D:\project\training\Qt\Q1ORM\src\Q1ORM.h">
      <Filter>Header Files</Filter>
    </ClInclude>
    <ClInclude Include="D:\project\training\Qt\Q1ORM\src\Q1DatabaseInstall\Q1DatabaseInstall.h">
      <Filter>Header Files</Filter>
    </ClInclude>
    <ClInclude Include="D:\project\training\Qt\Q1ORM\src\Q1Core\Q1Context\Q1Context.h">
      <Filter>Header Files</Filter>
    </ClInclude>
    <ClInclude Include="D:\project\training\Qt\Q1ORM\src\Q1Core\Q1Context\Q1Connection.h">
      <Filter>Header Files</Filter>
    </ClInclude>
    <ClInclude Include="D:\project\training\Qt\Q1ORM\src\Q1Core\Q1Entity\Q1Entity.h">
      <Filter>Header Files</Filter>
    </ClInclude>
    <ClInclude Include="D:\project\training\Qt\Q1ORM\src\Q1Core\Q1Entity\Q1Table.h">
      <Filter>Header Files</Filter>
    </ClInclude>
    <ClInclude Include="D:\project\training\Qt\Q1ORM\src\Q1Core\Q1Migration\Q1MigrationQuery.h">
      <Filter>Header Files</Filter>
    </ClInclude>
    <ClInclude Include="D:\project\training\Qt\Q1ORM\src\Q1Core\Q1Migration\Q1Migration.h">
      <Filter>Header Files</Filter>
    </ClInclude>
    <ClInclude Include="D:\project\training\Qt\Q1ORM\src\Q1Core\Q1Entity\Q1Relation.h">
      <Filter>Header Files</Filter>
    </ClInclude>
    <ClInclude Include="D:\project\training\Qt\Q1ORM\src\Q1Core\Q1Query\Q1Query.h">
      <Filter>Header Files</Filter>
    </ClInclude>
    <ClInclude Include="D:\project\training\Qt\Q1ORM\src\Q1Core\Q1Entity\Q1Column.h">
      <Filter>Header Files</Filter>
    </ClInclude>
    <ClInclude Include="D:\project\training\Qt\Q1ORM\src\Q1Core\Q1Migration\Q1PgMigrationQuery.h">
      <Filter>Header Files</Filter>
    </ClInclude>
    <ClInclude Include="D:\project\training\Qt\Q1ORM\src\Q1Core\Q1Migration\Q1SQLServerMigrationQuery.h">
      <Filter>Header Files</Filter>
    </ClInclude>
  </ItemGroup>
  <ItemGroup>
    <CustomBuild Include="D:\project\training\Qt\Q1ORM\src\CMakeLists.txt" />
  </ItemGroup>
  <ItemGroup>
    <None Include="D:\project\training\Qt\Q1ORM\src\Q1DatabaseInstall\postgresql_install.bat">
      <Filter>Source Files</Filter>
    </None>
  </ItemGroup>
  <ItemGroup>
    <Filter Include="Header Files">
      <UniqueIdentifier>{76FDA934-80AB-391C-BE10-AF8A3A2EB6F4}</UniqueIdentifier>
    </Filter>
    <Filter Include="Source Files">
      <UniqueIdentifier>{27047FB9-21B0-3B68-BDDD-9BDBE1EF60DA}</UniqueIdentifier>
    </Filter>
  </ItemGroup>
</Project>
